github.com/ethereum/go-ethereum v1.8.27 h1:d+gkiLaBDk5fn3Pe/xNVaMrB/ozI+AUB2IlVBp29IrY=
github.com/ethereumproject/go-ethereum v5.5.2+incompatible h1:+nu/jdaQPAaRznqn3k68+ZtU21+MJMmtOYOT0w19aBU=
github.com/ethereumproject/go-ethereum v5.5.2+incompatible/go.mod h1:jjkgFD4EpU8cN6fQZIg0jbY/gYNHjeFOmHurvDOsqyw=
